
Microsoft Visual Studio Solution File, Format Version 11.00
# Visual C# Express 2010
Project("{FAE04EC0-301F-11D3-BF4B-00C04F79EFBC}") = "Particles", "Particles\Particles\Particles.csproj", "{C44941BB-6DD5-4D92-B4BC-E4BD18318811}"
EndProject
Project("{96E2B04D-8817-42C6-938A-82C39BA4D311}") = "ParticlesContent", "Particles\ParticlesContent\ParticlesContent.contentproj", "{66ED4FEB-7EC8-48F8-AA9A-17B03020EA4D}"
EndProject
Global
	GlobalSection(SolutionConfigurationPlatforms) = preSolution
		Debug|x86 = Debug|x86
		Release|x86 = Release|x86
	EndGlobalSection
	GlobalSection(ProjectConfigurationPlatforms) = postSolution
		{C44941BB-6DD5-4D92-B4BC-E4BD18318811}.Debug|x86.ActiveCfg = Debug|x86
		{C44941BB-6DD5-4D92-B4BC-E4BD18318811}.Debug|x86.Build.0 = Debug|x86
		{C44941BB-6DD5-4D92-B4BC-E4BD18318811}.Release|x86.ActiveCfg = Release|x86
		{C44941BB-6DD5-4D92-B4BC-E4BD18318811}.Release|x86.Build.0 = Release|x86
		{66ED4FEB-7EC8-48F8-AA9A-17B03020EA4D}.Debug|x86.ActiveCfg = Debug|x86
		{66ED4FEB-7EC8-48F8-AA9A-17B03020EA4D}.Release|x86.ActiveCfg = Release|x86
	EndGlobalSection
	GlobalSection(SolutionProperties) = preSolution
		HideSolutionNode = FALSE
	EndGlobalSection
EndGlobal
